
Microsoft Visual Studio Solution File, Format Version 12.00
# Visual Studio Version 16
VisualStudioVersion = 16.0.30128.74
MinimumVisualStudioVersion = 10.0.40219.1
Project("{9A19103F-16F7-4668-BE54-9A1E7A4F7556}") = "SPMS.Web", "src\SPMS.Web\SPMS.Web.csproj", "{941F4BBB-C1A2-4872-8CB8-8C6E8196F496}"
EndProject
Project("{9A19103F-16F7-4668-BE54-9A1E7A4F7556}") = "SPMS.Application.Tests", "test\SPMS.Test\SPMS.Application.Tests.csproj", "{3C35991F-18D0-48B7-B643-3D50A48423E9}"
EndProject
Project("{9A19103F-16F7-4668-BE54-9A1E7A4F7556}") = "SPMS.Common", "src\SPMS.Common\SPMS.Common.csproj", "{655E6D4E-F1FC-443C-BAD1-455FA1E393D0}"
EndProject
Project("{9A19103F-16F7-4668-BE54-9A1E7A4F7556}") = "SPMS.Application", "src\SPMS.Application\SPMS.Application.csproj", "{52FADD9C-5985-4509-A221-8592DA40518A}"
EndProject
Project("{9A19103F-16F7-4668-BE54-9A1E7A4F7556}") = "SPMS.Domain", "src\SPMS.Domain\SPMS.Domain.csproj", "{C15606CF-3B80-4663-9567-02425C6050A8}"
EndProject
Project("{9A19103F-16F7-4668-BE54-9A1E7A4F7556}") = "SPMS.Infrastructure", "src\SPMS.Infrastructure\SPMS.Infrastructure.csproj", "{C8648523-CFEE-4372-80DB-36CBC26E9384}"
EndProject
Project("{2150E333-8FDC-42A3-9474-1A3956D46DE8}") = "Test", "Test", "{72F4309D-A139-42D1-B0F1-230E6B885904}"
EndProject
Project("{9A19103F-16F7-4668-BE54-9A1E7A4F7556}") = "SPMS.ViewModel", "src\SPMS.ViewModel\SPMS.ViewModel.csproj", "{430881E0-F0E6-4BFD-B8BB-2808B6FDCAC0}"
EndProject
Project("{9A19103F-16F7-4668-BE54-9A1E7A4F7556}") = "SPMS.Persistence.MSSQL", "src\SPMS.Persistence.MSSQL\SPMS.Persistence.MSSQL.csproj", "{3ED4F0F3-8476-49E4-A1E7-CD69D24E2EA9}"
EndProject
Project("{9A19103F-16F7-4668-BE54-9A1E7A4F7556}") = "SPMS.Persistence", "src\SPMS.Persistence\SPMS.Persistence.csproj", "{3476AED8-17C3-456E-B0FE-2CD2EC1353B8}"
EndProject
Project("{2150E333-8FDC-42A3-9474-1A3956D46DE8}") = "Persistence", "Persistence", "{2EF904FB-BFDF-4492-B65F-58FDB783F102}"
EndProject
Project("{2150E333-8FDC-42A3-9474-1A3956D46DE8}") = "Solution Items", "Solution Items", "{5F854C4E-1F08-4636-B3E7-C985F7FE1702}"
	ProjectSection(SolutionItems) = preProject
		.editorconfig = .editorconfig
	EndProjectSection
EndProject
Project("{9A19103F-16F7-4668-BE54-9A1E7A4F7556}") = "SPMS.Admin", "src\SPMS.Admin\SPMS.Admin.csproj", "{71350B34-66A5-4420-9C4D-6F26158F1FB0}"
EndProject
Project("{FAE04EC0-301F-11D3-BF4B-00C04F79EFBC}") = "SPMS.BackgroundService", "src\SPMS.BackgroundService\SPMS.BackgroundService.csproj", "{AE6F0E64-6259-4130-A04F-513746AC8333}"
EndProject
Global
	GlobalSection(SolutionConfigurationPlatforms) = preSolution
		Debug|Any CPU = Debug|Any CPU
		Release|Any CPU = Release|Any CPU
	EndGlobalSection
	GlobalSection(ProjectConfigurationPlatforms) = postSolution
		{941F4BBB-C1A2-4872-8CB8-8C6E8196F496}.Debug|Any CPU.ActiveCfg = Debug|Any CPU
		{941F4BBB-C1A2-4872-8CB8-8C6E8196F496}.Debug|Any CPU.Build.0 = Debug|Any CPU
		{941F4BBB-C1A2-4872-8CB8-8C6E8196F496}.Release|Any CPU.ActiveCfg = Release|Any CPU
		{941F4BBB-C1A2-4872-8CB8-8C6E8196F496}.Release|Any CPU.Build.0 = Release|Any CPU
		{3C35991F-18D0-48B7-B643-3D50A48423E9}.Debug|Any CPU.ActiveCfg = Debug|Any CPU
		{3C35991F-18D0-48B7-B643-3D50A48423E9}.Debug|Any CPU.Build.0 = Debug|Any CPU
		{3C35991F-18D0-48B7-B643-3D50A48423E9}.Release|Any CPU.ActiveCfg = Release|Any CPU
		{3C35991F-18D0-48B7-B643-3D50A48423E9}.Release|Any CPU.Build.0 = Release|Any CPU
		{655E6D4E-F1FC-443C-BAD1-455FA1E393D0}.Debug|Any CPU.ActiveCfg = Debug|Any CPU
		{655E6D4E-F1FC-443C-BAD1-455FA1E393D0}.Debug|Any CPU.Build.0 = Debug|Any CPU
		{655E6D4E-F1FC-443C-BAD1-455FA1E393D0}.Release|Any CPU.ActiveCfg = Release|Any CPU
		{655E6D4E-F1FC-443C-BAD1-455FA1E393D0}.Release|Any CPU.Build.0 = Release|Any CPU
		{52FADD9C-5985-4509-A221-8592DA40518A}.Debug|Any CPU.ActiveCfg = Debug|Any CPU
		{52FADD9C-5985-4509-A221-8592DA40518A}.Debug|Any CPU.Build.0 = Debug|Any CPU
		{52FADD9C-5985-4509-A221-8592DA40518A}.Release|Any CPU.ActiveCfg = Release|Any CPU
		{52FADD9C-5985-4509-A221-8592DA40518A}.Release|Any CPU.Build.0 = Release|Any CPU
		{C15606CF-3B80-4663-9567-02425C6050A8}.Debug|Any CPU.ActiveCfg = Debug|Any CPU
		{C15606CF-3B80-4663-9567-02425C6050A8}.Debug|Any CPU.Build.0 = Debug|Any CPU
		{C15606CF-3B80-4663-9567-02425C6050A8}.Release|Any CPU.ActiveCfg = Release|Any CPU
		{C15606CF-3B80-4663-9567-02425C6050A8}.Release|Any CPU.Build.0 = Release|Any CPU
		{C8648523-CFEE-4372-80DB-36CBC26E9384}.Debug|Any CPU.ActiveCfg = Debug|Any CPU
		{C8648523-CFEE-4372-80DB-36CBC26E9384}.Debug|Any CPU.Build.0 = Debug|Any CPU
		{C8648523-CFEE-4372-80DB-36CBC26E9384}.Release|Any CPU.ActiveCfg = Release|Any CPU
		{C8648523-CFEE-4372-80DB-36CBC26E9384}.Release|Any CPU.Build.0 = Release|Any CPU
		{430881E0-F0E6-4BFD-B8BB-2808B6FDCAC0}.Debug|Any CPU.ActiveCfg = Debug|Any CPU
		{430881E0-F0E6-4BFD-B8BB-2808B6FDCAC0}.Debug|Any CPU.Build.0 = Debug|Any CPU
		{430881E0-F0E6-4BFD-B8BB-2808B6FDCAC0}.Release|Any CPU.ActiveCfg = Release|Any CPU
		{430881E0-F0E6-4BFD-B8BB-2808B6FDCAC0}.Release|Any CPU.Build.0 = Release|Any CPU
		{3ED4F0F3-8476-49E4-A1E7-CD69D24E2EA9}.Debug|Any CPU.ActiveCfg = Debug|Any CPU
		{3ED4F0F3-8476-49E4-A1E7-CD69D24E2EA9}.Debug|Any CPU.Build.0 = Debug|Any CPU
		{3ED4F0F3-8476-49E4-A1E7-CD69D24E2EA9}.Release|Any CPU.ActiveCfg = Release|Any CPU
		{3ED4F0F3-8476-49E4-A1E7-CD69D24E2EA9}.Release|Any CPU.Build.0 = Release|Any CPU
		{3476AED8-17C3-456E-B0FE-2CD2EC1353B8}.Debug|Any CPU.ActiveCfg = Debug|Any CPU
		{3476AED8-17C3-456E-B0FE-2CD2EC1353B8}.Debug|Any CPU.Build.0 = Debug|Any CPU
		{3476AED8-17C3-456E-B0FE-2CD2EC1353B8}.Release|Any CPU.ActiveCfg = Release|Any CPU
		{3476AED8-17C3-456E-B0FE-2CD2EC1353B8}.Release|Any CPU.Build.0 = Release|Any CPU
		{71350B34-66A5-4420-9C4D-6F26158F1FB0}.Debug|Any CPU.ActiveCfg = Debug|Any CPU
		{71350B34-66A5-4420-9C4D-6F26158F1FB0}.Debug|Any CPU.Build.0 = Debug|Any CPU
		{71350B34-66A5-4420-9C4D-6F26158F1FB0}.Release|Any CPU.ActiveCfg = Release|Any CPU
		{71350B34-66A5-4420-9C4D-6F26158F1FB0}.Release|Any CPU.Build.0 = Release|Any CPU
		{AE6F0E64-6259-4130-A04F-513746AC8333}.Debug|Any CPU.ActiveCfg = Debug|Any CPU
		{AE6F0E64-6259-4130-A04F-513746AC8333}.Debug|Any CPU.Build.0 = Debug|Any CPU
		{AE6F0E64-6259-4130-A04F-513746AC8333}.Release|Any CPU.ActiveCfg = Release|Any CPU
		{AE6F0E64-6259-4130-A04F-513746AC8333}.Release|Any CPU.Build.0 = Release|Any CPU
	EndGlobalSection
	GlobalSection(SolutionProperties) = preSolution
		HideSolutionNode = FALSE
	EndGlobalSection
	GlobalSection(NestedProjects) = preSolution
		{3C35991F-18D0-48B7-B643-3D50A48423E9} = {72F4309D-A139-42D1-B0F1-230E6B885904}
		{3ED4F0F3-8476-49E4-A1E7-CD69D24E2EA9} = {2EF904FB-BFDF-4492-B65F-58FDB783F102}
		{3476AED8-17C3-456E-B0FE-2CD2EC1353B8} = {2EF904FB-BFDF-4492-B65F-58FDB783F102}
	EndGlobalSection
	GlobalSection(ExtensibilityGlobals) = postSolution
		SolutionGuid = {C7F868A4-4FCE-4310-9622-25F88F006043}
	EndGlobalSection
EndGlobal
