
Microsoft Visual Studio Solution File, Format Version 12.00
# Visual Studio Version 16
VisualStudioVersion = 16.0.30128.74
MinimumVisualStudioVersion = 10.0.40219.1
Project("{9A19103F-16F7-4668-BE54-9A1E7A4F7556}") = "SPMS.Web", "SPMS.Web\SPMS.Web.csproj", "{941F4BBB-C1A2-4872-8CB8-8C6E8196F496}"
EndProject
Project("{E53339B2-1760-4266-BCC7-CA923CBCF16C}") = "docker-compose", "docker-compose.dcproj", "{DCED0944-5D3B-48ED-9464-3B59C80209BB}"
EndProject
Global
	GlobalSection(SolutionConfigurationPlatforms) = preSolution
		Debug|Any CPU = Debug|Any CPU
		Release|Any CPU = Release|Any CPU
	EndGlobalSection
	GlobalSection(ProjectConfigurationPlatforms) = postSolution
		{941F4BBB-C1A2-4872-8CB8-8C6E8196F496}.Debug|Any CPU.ActiveCfg = Debug|Any CPU
		{941F4BBB-C1A2-4872-8CB8-8C6E8196F496}.Debug|Any CPU.Build.0 = Debug|Any CPU
		{941F4BBB-C1A2-4872-8CB8-8C6E8196F496}.Release|Any CPU.ActiveCfg = Release|Any CPU
		{941F4BBB-C1A2-4872-8CB8-8C6E8196F496}.Release|Any CPU.Build.0 = Release|Any CPU
		{DCED0944-5D3B-48ED-9464-3B59C80209BB}.Debug|Any CPU.ActiveCfg = Debug|Any CPU
		{DCED0944-5D3B-48ED-9464-3B59C80209BB}.Debug|Any CPU.Build.0 = Debug|Any CPU
		{DCED0944-5D3B-48ED-9464-3B59C80209BB}.Release|Any CPU.ActiveCfg = Release|Any CPU
		{DCED0944-5D3B-48ED-9464-3B59C80209BB}.Release|Any CPU.Build.0 = Release|Any CPU
	EndGlobalSection
	GlobalSection(SolutionProperties) = preSolution
		HideSolutionNode = FALSE
	EndGlobalSection
	GlobalSection(ExtensibilityGlobals) = postSolution
		SolutionGuid = {C7F868A4-4FCE-4310-9622-25F88F006043}
	EndGlobalSection
EndGlobal
